// !$*UTF8*$!
{
	archiveVersion = 1;
	classes = {
	};
	objectVersion = 46;
	objects = {

/* Begin PBXBuildFile section */
		139664BD163924B50097E41B /* UIKit.framework in Frameworks */ = {isa = PBXBuildFile; fileRef = 139664BC163924B50097E41B /* UIKit.framework */; };
		139664BF163924B50097E41B /* Foundation.framework in Frameworks */ = {isa = PBXBuildFile; fileRef = 139664BE163924B50097E41B /* Foundation.framework */; };
		139664C1163924B50097E41B /* CoreGraphics.framework in Frameworks */ = {isa = PBXBuildFile; fileRef = 139664C0163924B50097E41B /* CoreGraphics.framework */; };
		139664C7163924B50097E41B /* InfoPlist.strings in Resources */ = {isa = PBXBuildFile; fileRef = 139664C5163924B50097E41B /* InfoPlist.strings */; };
		139664C9163924B50097E41B /* main.m in Sources */ = {isa = PBXBuildFile; fileRef = 139664C8163924B50097E41B /* main.m */; };
		139664CD163924B50097E41B /* AppDelegate.m in Sources */ = {isa = PBXBuildFile; fileRef = 139664CC163924B50097E41B /* AppDelegate.m */; };
		139664CF163924B50097E41B /* Default.png in Resources */ = {isa = PBXBuildFile; fileRef = 139664CE163924B50097E41B /* Default.png */; };
		139664D1163924B50097E41B /* Default@2x.png in Resources */ = {isa = PBXBuildFile; fileRef = 139664D0163924B50097E41B /* Default@2x.png */; };
		139664D3163924B50097E41B /* Default-568h@2x.png in Resources */ = {isa = PBXBuildFile; fileRef = 139664D2163924B50097E41B /* Default-568h@2x.png */; };
		139664D6163924B50097E41B /* ViewController.m in Sources */ = {isa = PBXBuildFile; fileRef = 139664D5163924B50097E41B /* ViewController.m */; };
		139664D9163924B50097E41B /* ViewController.xib in Resources */ = {isa = PBXBuildFile; fileRef = 139664D7163924B50097E41B /* ViewController.xib */; };
/* End PBXBuildFile section */

/* Begin PBXFileReference section */
		139664B8163924B50097E41B /* LoDe888.app */ = {isa = PBXFileReference; explicitFileType = wrapper.application; includeInIndex = 0; path = LoDe888.app; sourceTree = BUILT_PRODUCTS_DIR; };
		139664BC163924B50097E41B /* UIKit.framework */ = {isa = PBXFileReference; lastKnownFileType = wrapper.framework; name = UIKit.framework; path = System/Library/Frameworks/UIKit.framework; sourceTree = SDKROOT; };
		139664BE163924B50097E41B /* Foundation.framework */ = {isa = PBXFileReference; lastKnownFileType = wrapper.framework; name = Foundation.framework; path = System/Library/Frameworks/Foundation.framework; sourceTree = SDKROOT; };
		139664C0163924B50097E41B /* CoreGraphics.framework */ = {isa = PBXFileReference; lastKnownFileType = wrapper.framework; name = CoreGraphics.framework; path = System/Library/Frameworks/CoreGraphics.framework; sourceTree = SDKROOT; };
		139664C4163924B50097E41B /* LoDe888-Info.plist */ = {isa = PBXFileReference; lastKnownFileType = text.plist.xml; path = "LoDe888-Info.plist"; sourceTree = "<group>"; };
		139664C6163924B50097E41B /* en */ = {isa = PBXFileReference; lastKnownFileType = text.plist.strings; name = en; path = en.lproj/InfoPlist.strings; sourceTree = "<group>"; };
		139664C8163924B50097E41B /* main.m */ = {isa = PBXFileReference; lastKnownFileType = sourcecode.c.objc; path = main.m; sourceTree = "<group>"; };
		139664CA163924B50097E41B /* LoDe888-Prefix.pch */ = {isa = PBXFileReference; lastKnownFileType = sourcecode.c.h; path = "LoDe888-Prefix.pch"; sourceTree = "<group>"; };
		139664CB163924B50097E41B /* AppDelegate.h */ = {isa = PBXFileReference; lastKnownFileType = sourcecode.c.h; path = AppDelegate.h; sourceTree = "<group>"; };
		139664CC163924B50097E41B /* AppDelegate.m */ = {isa = PBXFileReference; lastKnownFileType = sourcecode.c.objc; path = AppDelegate.m; sourceTree = "<group>"; };
		139664CE163924B50097E41B /* Default.png */ = {isa = PBXFileReference; lastKnownFileType = image.png; path = Default.png; sourceTree = "<group>"; };
		139664D0163924B50097E41B /* Default@2x.png */ = {isa = PBXFileReference; lastKnownFileType = image.png; path = "Default@2x.png"; sourceTree = "<group>"; };
		139664D2163924B50097E41B /* Default-568h@2x.png */ = {isa = PBXFileReference; lastKnownFileType = image.png; path = "Default-568h@2x.png"; sourceTree = "<group>"; };
		139664D4163924B50097E41B /* ViewController.h */ = {isa = PBXFileReference; lastKnownFileType = sourcecode.c.h; path = ViewController.h; sourceTree = "<group>"; };
		139664D5163924B50097E41B /* ViewController.m */ = {isa = PBXFileReference; lastKnownFileType = sourcecode.c.objc; path = ViewController.m; sourceTree = "<group>"; };
		139664D8163924B50097E41B /* en */ = {isa = PBXFileReference; lastKnownFileType = file.xib; name = en; path = en.lproj/ViewController.xib; sourceTree = "<group>"; };
/* End PBXFileReference section */

/* Begin PBXFrameworksBuildPhase section */
		139664B5163924B50097E41B /* Frameworks */ = {
			isa = PBXFrameworksBuildPhase;
			buildActionMask = 2147483647;
			files = (
				139664BD163924B50097E41B /* UIKit.framework in Frameworks */,
				139664BF163924B50097E41B /* Foundation.framework in Frameworks */,
				139664C1163924B50097E41B /* CoreGraphics.framework in Frameworks */,
			);
			runOnlyForDeploymentPostprocessing = 0;
		};
/* End PBXFrameworksBuildPhase section */

/* Begin PBXGroup section */
		139664AD163924B50097E41B = {
			isa = PBXGroup;
			children = (
				139664C2163924B50097E41B /* LoDe888 */,
				139664BB163924B50097E41B /* Frameworks */,
				139664B9163924B50097E41B /* Products */,
			);
			sourceTree = "<group>";
		};
		139664B9163924B50097E41B /* Products */ = {
			isa = PBXGroup;
			children = (
				139664B8163924B50097E41B /* LoDe888.app */,
			);
			name = Products;
			sourceTree = "<group>";
		};
		139664BB163924B50097E41B /* Frameworks */ = {
			isa = PBXGroup;
			children = (
				139664BC163924B50097E41B /* UIKit.framework */,
				139664BE163924B50097E41B /* Foundation.framework */,
				139664C0163924B50097E41B /* CoreGraphics.framework */,
			);
			name = Frameworks;
			sourceTree = "<group>";
		};
		139664C2163924B50097E41B /* LoDe888 */ = {
			isa = PBXGroup;
			children = (
				139664CB163924B50097E41B /* AppDelegate.h */,
				139664CC163924B50097E41B /* AppDelegate.m */,
				139664D4163924B50097E41B /* ViewController.h */,
				139664D5163924B50097E41B /* ViewController.m */,
				139664D7163924B50097E41B /* ViewController.xib */,
				139664C3163924B50097E41B /* Supporting Files */,
			);
			path = LoDe888;
			sourceTree = "<group>";
		};
		139664C3163924B50097E41B /* Supporting Files */ = {
			isa = PBXGroup;
			children = (
				139664C4163924B50097E41B /* LoDe888-Info.plist */,
				139664C5163924B50097E41B /* InfoPlist.strings */,
				139664C8163924B50097E41B /* main.m */,
				139664CA163924B50097E41B /* LoDe888-Prefix.pch */,
				139664CE163924B50097E41B /* Default.png */,
				139664D0163924B50097E41B /* Default@2x.png */,
				139664D2163924B50097E41B /* Default-568h@2x.png */,
			);
			name = "Supporting Files";
			sourceTree = "<group>";
		};
/* End PBXGroup section */

/* Begin PBXNativeTarget section */
		139664B7163924B50097E41B /* LoDe888 */ = {
			isa = PBXNativeTarget;
			buildConfigurationList = 139664DC163924B50097E41B /* Build configuration list for PBXNativeTarget "LoDe888" */;
			buildPhases = (
				139664B4163924B50097E41B /* Sources */,
				139664B5163924B50097E41B /* Frameworks */,
				139664B6163924B50097E41B /* Resources */,
			);
			buildRules = (
			);
			dependencies = (
			);
			name = LoDe888;
			productName = LoDe888;
			productReference = 139664B8163924B50097E41B /* LoDe888.app */;
			productType = "com.apple.product-type.application";
		};
/* End PBXNativeTarget section */

/* Begin PBXProject section */
		139664AF163924B50097E41B /* Project object */ = {
			isa = PBXProject;
			attributes = {
				LastUpgradeCheck = 0450;
				ORGANIZATIONNAME = "Sơn Phạm ";
			};
			buildConfigurationList = 139664B2163924B50097E41B /* Build configuration list for PBXProject "LoDe888" */;
			compatibilityVersion = "Xcode 3.2";
			developmentRegion = English;
			hasScannedForEncodings = 0;
			knownRegions = (
				en,
			);
			mainGroup = 139664AD163924B50097E41B;
			productRefGroup = 139664B9163924B50097E41B /* Products */;
			projectDirPath = "";
			projectRoot = "";
			targets = (
				139664B7163924B50097E41B /* LoDe888 */,
			);
		};
/* End PBXProject section */

/* Begin PBXResourcesBuildPhase section */
		139664B6163924B50097E41B /* Resources */ = {
			isa = PBXResourcesBuildPhase;
			buildActionMask = 2147483647;
			files = (
				139664C7163924B50097E41B /* InfoPlist.strings in Resources */,
				139664CF163924B50097E41B /* Default.png in Resources */,
				139664D1163924B50097E41B /* Default@2x.png in Resources */,
				139664D3163924B50097E41B /* Default-568h@2x.png in Resources */,
				139664D9163924B50097E41B /* ViewController.xib in Resources */,
			);
			runOnlyForDeploymentPostprocessing = 0;
		};
/* End PBXResourcesBuildPhase section */

/* Begin PBXSourcesBuildPhase section */
		139664B4163924B50097E41B /* Sources */ = {
			isa = PBXSourcesBuildPhase;
			buildActionMask = 2147483647;
			files = (
				139664C9163924B50097E41B /* main.m in Sources */,
				139664CD163924B50097E41B /* AppDelegate.m in Sources */,
				139664D6163924B50097E41B /* ViewController.m in Sources */,
			);
			runOnlyForDeploymentPostprocessing = 0;
		};
/* End PBXSourcesBuildPhase section */

/* Begin PBXVariantGroup section */
		139664C5163924B50097E41B /* InfoPlist.strings */ = {
			isa = PBXVariantGroup;
			children = (
				139664C6163924B50097E41B /* en */,
			);
			name = InfoPlist.strings;
			sourceTree = "<group>";
		};
		139664D7163924B50097E41B /* ViewController.xib */ = {
			isa = PBXVariantGroup;
			children = (
				139664D8163924B50097E41B /* en */,
			);
			name = ViewController.xib;
			sourceTree = "<group>";
		};
/* End PBXVariantGroup section */

/* Begin XCBuildConfiguration section */
		139664DA163924B50097E41B /* Debug */ = {
			isa = XCBuildConfiguration;
			buildSettings = {
				ALWAYS_SEARCH_USER_PATHS = NO;
				CLANG_CXX_LANGUAGE_STANDARD = "gnu++0x";
				CLANG_CXX_LIBRARY = "libc++";
				CLANG_WARN_EMPTY_BODY = YES;
				CLANG_WARN__DUPLICATE_METHOD_MATCH = YES;
				"CODE_SIGN_IDENTITY[sdk=iphoneos*]" = "iPhone Developer";
				COPY_PHASE_STRIP = NO;
				GCC_C_LANGUAGE_STANDARD = gnu99;
				GCC_DYNAMIC_NO_PIC = NO;
				GCC_OPTIMIZATION_LEVEL = 0;
				GCC_PREPROCESSOR_DEFINITIONS = (
					"DEBUG=1",
					"$(inherited)",
				);
				GCC_SYMBOLS_PRIVATE_EXTERN = NO;
				GCC_WARN_ABOUT_RETURN_TYPE = YES;
				GCC_WARN_UNINITIALIZED_AUTOS = YES;
				GCC_WARN_UNUSED_VARIABLE = YES;
				IPHONEOS_DEPLOYMENT_TARGET = 6.0;
				ONLY_ACTIVE_ARCH = YES;
				SDKROOT = iphoneos;
			};
			name = Debug;
		};
		139664DB163924B50097E41B /* Release */ = {
			isa = XCBuildConfiguration;
			buildSettings = {
				ALWAYS_SEARCH_USER_PATHS = NO;
				CLANG_CXX_LANGUAGE_STANDARD = "gnu++0x";
				CLANG_CXX_LIBRARY = "libc++";
				CLANG_WARN_EMPTY_BODY = YES;
				CLANG_WARN__DUPLICATE_METHOD_MATCH = YES;
				"CODE_SIGN_IDENTITY[sdk=iphoneos*]" = "iPhone Developer";
				COPY_PHASE_STRIP = YES;
				GCC_C_LANGUAGE_STANDARD = gnu99;
				GCC_WARN_ABOUT_RETURN_TYPE = YES;
				GCC_WARN_UNINITIALIZED_AUTOS = YES;
				GCC_WARN_UNUSED_VARIABLE = YES;
				IPHONEOS_DEPLOYMENT_TARGET = 6.0;
				OTHER_CFLAGS = "-DNS_BLOCK_ASSERTIONS=1";
				SDKROOT = iphoneos;
				VALIDATE_PRODUCT = YES;
			};
			name = Release;
		};
		139664DD163924B50097E41B /* Debug */ = {
			isa = XCBuildConfiguration;
			buildSettings = {
				GCC_PRECOMPILE_PREFIX_HEADER = YES;
				GCC_PREFIX_HEADER = "LoDe888/LoDe888-Prefix.pch";
				INFOPLIST_FILE = "LoDe888/LoDe888-Info.plist";
				PRODUCT_NAME = "$(TARGET_NAME)";
				WRAPPER_EXTENSION = app;
			};
			name = Debug;
		};
		139664DE163924B50097E41B /* Release */ = {
			isa = XCBuildConfiguration;
			buildSettings = {
				GCC_PRECOMPILE_PREFIX_HEADER = YES;
				GCC_PREFIX_HEADER = "LoDe888/LoDe888-Prefix.pch";
				INFOPLIST_FILE = "LoDe888/LoDe888-Info.plist";
				PRODUCT_NAME = "$(TARGET_NAME)";
				WRAPPER_EXTENSION = app;
			};
			name = Release;
		};
/* End XCBuildConfiguration section */

/* Begin XCConfigurationList section */
		139664B2163924B50097E41B /* Build configuration list for PBXProject "LoDe888" */ = {
			isa = XCConfigurationList;
			buildConfigurations = (
				139664DA163924B50097E41B /* Debug */,
				139664DB163924B50097E41B /* Release */,
			);
			defaultConfigurationIsVisible = 0;
			defaultConfigurationName = Release;
		};
		139664DC163924B50097E41B /* Build configuration list for PBXNativeTarget "LoDe888" */ = {
			isa = XCConfigurationList;
			buildConfigurations = (
				139664DD163924B50097E41B /* Debug */,
				139664DE163924B50097E41B /* Release */,
			);
			defaultConfigurationIsVisible = 0;
		};
/* End XCConfigurationList section */
	};
	rootObject = 139664AF163924B50097E41B /* Project object */;
}
